
Microsoft Visual Studio Solution File, Format Version 12.00
# Visual Studio Version 17
VisualStudioVersion = 17.13.35931.197 d17.13
MinimumVisualStudioVersion = 10.0.40219.1
Project("{FAE04EC0-301F-11D3-BF4B-00C04F79EFBC}") = "DataStructures", "DataStructures\DataStructures.csproj", "{EE471594-F29A-41D7-8A7A-3BB0263EFFCF}"
EndProject
Project("{FAE04EC0-301F-11D3-BF4B-00C04F79EFBC}") = "Test.DataStructures", "Test.DataStructures\Test.DataStructures.csproj", "{009C6238-80A3-4861-B0CD-6993271028B3}"
EndProject
Global
	GlobalSection(SolutionConfigurationPlatforms) = preSolution
		Debug|Any CPU = Debug|Any CPU
		Release|Any CPU = Release|Any CPU
	EndGlobalSection
	GlobalSection(ProjectConfigurationPlatforms) = postSolution
		{EE471594-F29A-41D7-8A7A-3BB0263EFFCF}.Debug|Any CPU.ActiveCfg = Debug|Any CPU
		{EE471594-F29A-41D7-8A7A-3BB0263EFFCF}.Debug|Any CPU.Build.0 = Debug|Any CPU
		{EE471594-F29A-41D7-8A7A-3BB0263EFFCF}.Release|Any CPU.ActiveCfg = Release|Any CPU
		{EE471594-F29A-41D7-8A7A-3BB0263EFFCF}.Release|Any CPU.Build.0 = Release|Any CPU
		{009C6238-80A3-4861-B0CD-6993271028B3}.Debug|Any CPU.ActiveCfg = Debug|Any CPU
		{009C6238-80A3-4861-B0CD-6993271028B3}.Debug|Any CPU.Build.0 = Debug|Any CPU
		{009C6238-80A3-4861-B0CD-6993271028B3}.Release|Any CPU.ActiveCfg = Release|Any CPU
		{009C6238-80A3-4861-B0CD-6993271028B3}.Release|Any CPU.Build.0 = Release|Any CPU
	EndGlobalSection
	GlobalSection(SolutionProperties) = preSolution
		HideSolutionNode = FALSE
	EndGlobalSection
	GlobalSection(ExtensibilityGlobals) = postSolution
		SolutionGuid = {1569FD0E-C85F-4A6A-B251-E31E86BBB7F7}
	EndGlobalSection
EndGlobal
